{
  "version": 4,
  "terraform_version": "0.14.10",
  "serial": 20,
  "lineage": "4597f1a3-0a63-721d-ab58-18984bb18fbe",
  "outputs": {},
  "resources": [
    {
      "mode": "data",
      "type": "ibm_is_images",
      "name": "ds_images",
      "provider": "provider[\"registry.terraform.io/ibm-cloud/ibm\"]",
      "instances": [
        {
          "schema_version": 0,
          "attributes": {
            "id": "2021-04-12 21:20:22.697846 +0000 UTC",
            "images": [
              {
                "architecture": "amd64",
                "checksum": "6a121216d32a5636d799d4a41dbe3833e3645b9e6517db81577bc083e867a0f3",
                "crn": "crn:v1:bluemix:public:is:eu-de:a/811f8abfbd32425597dc7ba40da98fa6::image:r010-cf9943c9-2af3-45f8-8064-1dbc30c34548",
                "encryption": "none",
                "encryption_key": "",
                "id": "r010-cf9943c9-2af3-45f8-8064-1dbc30c34548",
                "name": "ibm-windows-server-2012-r2-full-standard-amd64-4",
                "os": "windows-2012-r2-amd64",
                "status": "available",
                "visibility": "public"
              },
              {
                "architecture": "amd64",
                "checksum": "404577c16285274bba2f3e879450aafc02538bd26032a6918e4e0fe4ffc4074d",
                "crn": "crn:v1:bluemix:public:is:eu-de:a/811f8abfbd32425597dc7ba40da98fa6::image:r010-681b6033-2b99-4dbc-a8a5-7e2090531c9e",
                "encryption": "none",
                "encryption_key": "",
                "id": "r010-681b6033-2b99-4dbc-a8a5-7e2090531c9e",
                "name": "ibm-windows-server-2016-full-standard-amd64-4",
                "os": "windows-2016-amd64",
                "status": "available",
                "visibility": "public"
              },
              {
                "architecture": "amd64",
                "checksum": "81d351d0d5b9d04321a8a3c26b709afda0957a31ca8573dcf3db361c6420a2fc",
                "crn": "crn:v1:bluemix:public:is:eu-de:a/811f8abfbd32425597dc7ba40da98fa6::image:r010-6095acf1-5165-4745-98ae-c51d2c7980ea",
                "encryption": "none",
                "encryption_key": "",
                "id": "r010-6095acf1-5165-4745-98ae-c51d2c7980ea",
                "name": "ibm-debian-10-8-minimal-amd64-1",
                "os": "debian-10-amd64",
                "status": "available",
                "visibility": "public"
              },
              {
                "architecture": "amd64",
                "checksum": "1045de0d85bee89bdd52a4c3b95be27da651f763f0801ea0d2ad7cf571d50add",
                "crn": "crn:v1:bluemix:public:is:eu-de:a/811f8abfbd32425597dc7ba40da98fa6::image:r010-00a7063a-452e-41c6-b499-3a07507b5e05",
                "encryption": "none",
                "encryption_key": "",
                "id": "r010-00a7063a-452e-41c6-b499-3a07507b5e05",
                "name": "ibm-debian-9-13-minimal-amd64-4",
                "os": "debian-9-amd64",
                "status": "available",
                "visibility": "public"
              },
              {
                "architecture": "amd64",
                "checksum": "b0c33b7b48c55c1b2f96b726c5b5abefa5458dd8a7481d40a0467571ce1a7e52",
                "crn": "crn:v1:bluemix:public:is:eu-de:a/811f8abfbd32425597dc7ba40da98fa6::image:r010-9d6bc05b-4ae1-46ea-8f72-cbb8a76ac3bf",
                "encryption": "none",
                "encryption_key": "",
                "id": "r010-9d6bc05b-4ae1-46ea-8f72-cbb8a76ac3bf",
                "name": "ibm-redhat-7-9-minimal-amd64-1",
                "os": "red-7-amd64",
                "status": "available",
                "visibility": "public"
              },
              {
                "architecture": "amd64",
                "checksum": "75287c374cb4ae2d4e759110a5f6e4c06ae6fc3d2a61e7cfa8bf34386a1ee001",
                "crn": "crn:v1:bluemix:public:is:eu-de:a/811f8abfbd32425597dc7ba40da98fa6::image:r010-74c2d296-b6ed-4639-b9a6-6266ac64ac50",
                "encryption": "none",
                "encryption_key": "",
                "id": "r010-74c2d296-b6ed-4639-b9a6-6266ac64ac50",
                "name": "ibm-redhat-8-3-minimal-amd64-1",
                "os": "red-8-amd64",
                "status": "available",
                "visibility": "public"
              },
              {
                "architecture": "amd64",
                "checksum": "64245e5f3f1e9c4048b18db3abd1450d4b6f9e263ac1b33df6fc1ae96fcbdebb",
                "crn": "crn:v1:bluemix:public:is:eu-de:a/811f8abfbd32425597dc7ba40da98fa6::image:r010-514fbc72-b738-4684-a566-db67e4c2d018",
                "encryption": "none",
                "encryption_key": "",
                "id": "r010-514fbc72-b738-4684-a566-db67e4c2d018",
                "name": "ibm-centos-7-9-minimal-amd64-1",
                "os": "centos-7-amd64",
                "status": "available",
                "visibility": "public"
              },
              {
                "architecture": "amd64",
                "checksum": "940042e7192c61d53e473858df59b4a0ba97df14b04a2b3312a6c7fbd158c6ea",
                "crn": "crn:v1:bluemix:public:is:eu-de:a/811f8abfbd32425597dc7ba40da98fa6::image:r010-e043d714-d7ec-455e-9485-141dfef09bae",
                "encryption": "none",
                "encryption_key": "",
                "id": "r010-e043d714-d7ec-455e-9485-141dfef09bae",
                "name": "ibm-centos-8-3-minimal-amd64-1",
                "os": "centos-8-amd64",
                "status": "available",
                "visibility": "public"
              },
              {
                "architecture": "amd64",
                "checksum": "3eb0013e860029081dc7e168f2a07d88c55d77b342d97a81f9619d15cac3f0d6",
                "crn": "crn:v1:bluemix:public:is:eu-de:a/811f8abfbd32425597dc7ba40da98fa6::image:r010-922ea1ae-5ed2-4ac6-964c-8c254f65e806",
                "encryption": "none",
                "encryption_key": "",
                "id": "r010-922ea1ae-5ed2-4ac6-964c-8c254f65e806",
                "name": "ibm-windows-server-2019-full-standard-amd64-3",
                "os": "windows-2019-amd64",
                "status": "available",
                "visibility": "public"
              },
              {
                "architecture": "amd64",
                "checksum": "",
                "crn": "crn:v1:bluemix:public:is:eu-de:a/811f8abfbd32425597dc7ba40da98fa6::image:r010-bd40a41e-fbd6-4ef6-a049-32172c64d38b",
                "encryption": "none",
                "encryption_key": "",
                "id": "r010-bd40a41e-fbd6-4ef6-a049-32172c64d38b",
                "name": "ibm-debian-9-13-minimal-amd64-2",
                "os": "debian-9-amd64",
                "status": "deprecated",
                "visibility": "public"
              },
              {
                "architecture": "amd64",
                "checksum": "",
                "crn": "crn:v1:bluemix:public:is:eu-de:a/811f8abfbd32425597dc7ba40da98fa6::image:r010-5b5e4060-be94-42f8-ad1d-d03eb30b8fc2",
                "encryption": "none",
                "encryption_key": "",
                "id": "r010-5b5e4060-be94-42f8-ad1d-d03eb30b8fc2",
                "name": "ibm-centos-8-2-minimal-amd64-2",
                "os": "centos-8-amd64",
                "status": "deprecated",
                "visibility": "public"
              },
              {
                "architecture": "amd64",
                "checksum": "",
                "crn": "crn:v1:bluemix:public:is:eu-de:a/811f8abfbd32425597dc7ba40da98fa6::image:r010-fe86ad75-aae3-4993-bef3-b8ec766a7175",
                "encryption": "none",
                "encryption_key": "",
                "id": "r010-fe86ad75-aae3-4993-bef3-b8ec766a7175",
                "name": "ibm-ubuntu-20-04-minimal-amd64-2",
                "os": "ubuntu-20-04-amd64",
                "status": "available",
                "visibility": "public"
              },
              {
                "architecture": "amd64",
                "checksum": "",
                "crn": "crn:v1:bluemix:public:is:eu-de:a/811f8abfbd32425597dc7ba40da98fa6::image:r010-85fa5b78-e21e-4efc-bfee-42d57317c767",
                "encryption": "none",
                "encryption_key": "",
                "id": "r010-85fa5b78-e21e-4efc-bfee-42d57317c767",
                "name": "ibm-sles-12-4-amd64-sap-hana-1",
                "os": "sles-12-amd64-sap-hana",
                "status": "available",
                "visibility": "public"
              },
              {
                "architecture": "amd64",
                "checksum": "",
                "crn": "crn:v1:bluemix:public:is:eu-de:a/811f8abfbd32425597dc7ba40da98fa6::image:r010-408e1115-38cd-48b5-9a1b-b9303d2cff9b",
                "encryption": "none",
                "encryption_key": "",
                "id": "r010-408e1115-38cd-48b5-9a1b-b9303d2cff9b",
                "name": "ibm-sles-12-4-amd64-sap-applications-1",
                "os": "sles-12-amd64-sap-applications",
                "status": "available",
                "visibility": "public"
              },
              {
                "architecture": "amd64",
                "checksum": "",
                "crn": "crn:v1:bluemix:public:is:eu-de:a/811f8abfbd32425597dc7ba40da98fa6::image:r010-48d5a8fd-817f-4170-b0a8-c36dde299f96",
                "encryption": "none",
                "encryption_key": "",
                "id": "r010-48d5a8fd-817f-4170-b0a8-c36dde299f96",
                "name": "ibm-sles-15-1-amd64-sap-hana-1",
                "os": "sles-15-sp1-amd64-sap-hana",
                "status": "available",
                "visibility": "public"
              },
              {
                "architecture": "amd64",
                "checksum": "",
                "crn": "crn:v1:bluemix:public:is:eu-de:a/811f8abfbd32425597dc7ba40da98fa6::image:r010-3fc90bff-8fc3-408e-9849-58ac79a67fff",
                "encryption": "none",
                "encryption_key": "",
                "id": "r010-3fc90bff-8fc3-408e-9849-58ac79a67fff",
                "name": "ibm-sles-15-1-amd64-sap-applications-1",
                "os": "sles-15-sp1-amd64-sap-applications",
                "status": "available",
                "visibility": "public"
              },
              {
                "architecture": "amd64",
                "checksum": "",
                "crn": "crn:v1:bluemix:public:is:eu-de:a/811f8abfbd32425597dc7ba40da98fa6::image:r010-aecf6c47-7b3c-4020-8217-2505cd0abbe3",
                "encryption": "none",
                "encryption_key": "",
                "id": "r010-aecf6c47-7b3c-4020-8217-2505cd0abbe3",
                "name": "ibm-debian-10-0-minimal-amd64-1",
                "os": "debian-10-amd64",
                "status": "deprecated",
                "visibility": "public"
              },
              {
                "architecture": "amd64",
                "checksum": "",
                "crn": "crn:v1:bluemix:public:is:eu-de:a/811f8abfbd32425597dc7ba40da98fa6::image:r010-c2c67564-27a3-47e5-8f2f-faa363b9b353",
                "encryption": "none",
                "encryption_key": "",
                "id": "r010-c2c67564-27a3-47e5-8f2f-faa363b9b353",
                "name": "ibm-redhat-8-1-minimal-amd64-1",
                "os": "red-8-amd64",
                "status": "deprecated",
                "visibility": "public"
              },
              {
                "architecture": "amd64",
                "checksum": "",
                "crn": "crn:v1:bluemix:public:is:eu-de:::image:r010-5e390f7b-0469-4ac1-b589-2fea307c1c5a",
                "encryption": "none",
                "encryption_key": "",
                "id": "r010-5e390f7b-0469-4ac1-b589-2fea307c1c5a",
                "name": "ibm-debian-9-12-minimal-amd64-2",
                "os": "debian-9-amd64",
                "status": "deprecated",
                "visibility": "public"
              },
              {
                "architecture": "amd64",
                "checksum": "",
                "crn": "crn:v1:bluemix:public:is:eu-de:::image:r010-6e732c5c-673b-42bd-911e-5a05e1c9b9b2",
                "encryption": "none",
                "encryption_key": "",
                "id": "r010-6e732c5c-673b-42bd-911e-5a05e1c9b9b2",
                "name": "ibm-windows-server-2019-full-standard-amd64-1",
                "os": "windows-2019-amd64",
                "status": "available",
                "visibility": "public"
              },
              {
                "architecture": "amd64",
                "checksum": "",
                "crn": "crn:v1:bluemix:public:is:eu-de:::image:r010-ed3f775f-ad7e-4e37-ae62-7199b4988b00",
                "encryption": "none",
                "encryption_key": "",
                "id": "r010-ed3f775f-ad7e-4e37-ae62-7199b4988b00",
                "name": "ibm-ubuntu-18-04-1-minimal-amd64-2",
                "os": "ubuntu-18-04-amd64",
                "status": "available",
                "visibility": "public"
              },
              {
                "architecture": "amd64",
                "checksum": "",
                "crn": "crn:v1:bluemix:public:is:eu-de:::image:r010-ea70cf5b-93f0-4871-a31e-f0030484149e",
                "encryption": "none",
                "encryption_key": "",
                "id": "r010-ea70cf5b-93f0-4871-a31e-f0030484149e",
                "name": "ibm-debian-9-12-minimal-amd64-1",
                "os": "debian-9-amd64",
                "status": "deprecated",
                "visibility": "public"
              },
              {
                "architecture": "amd64",
                "checksum": "",
                "crn": "crn:v1:bluemix:public:is:eu-de:::image:r010-7b4a1103-c5ed-4a14-87c0-5f75b9f3c86a",
                "encryption": "none",
                "encryption_key": "",
                "id": "r010-7b4a1103-c5ed-4a14-87c0-5f75b9f3c86a",
                "name": "ibm-debian-9-9-minimal-amd64-2",
                "os": "debian-9-amd64",
                "status": "deprecated",
                "visibility": "public"
              },
              {
                "architecture": "amd64",
                "checksum": "",
                "crn": "crn:v1:bluemix:public:is:eu-de:::image:r010-6f153a5d-6a9a-496d-8063-5c39932f6ded",
                "encryption": "none",
                "encryption_key": "",
                "id": "r010-6f153a5d-6a9a-496d-8063-5c39932f6ded",
                "name": "ibm-centos-7-6-minimal-amd64-2",
                "os": "centos-7-amd64",
                "status": "available",
                "visibility": "public"
              },
              {
                "architecture": "amd64",
                "checksum": "",
                "crn": "crn:v1:bluemix:public:is:eu-de:::image:r010-60d279a0-b328-40eb-a379-595ca53bee18",
                "encryption": "none",
                "encryption_key": "",
                "id": "r010-60d279a0-b328-40eb-a379-595ca53bee18",
                "name": "ibm-redhat-7-6-amd64-sap-hana-1",
                "os": "red-7-amd64-sap-hana",
                "status": "available",
                "visibility": "public"
              },
              {
                "architecture": "amd64",
                "checksum": "",
                "crn": "crn:v1:bluemix:public:is:eu-de:::image:r010-f5387730-7a4b-4f71-9a85-13b05b137953",
                "encryption": "none",
                "encryption_key": "",
                "id": "r010-f5387730-7a4b-4f71-9a85-13b05b137953",
                "name": "ibm-redhat-7-6-amd64-sap-applications-1",
                "os": "red-7-amd64-sap-applications",
                "status": "available",
                "visibility": "public"
              },
              {
                "architecture": "amd64",
                "checksum": "",
                "crn": "crn:v1:bluemix:public:is:eu-de:::image:r010-54e9238a-ffdd-4f90-9742-7424eb2b9ff1",
                "encryption": "none",
                "encryption_key": "",
                "id": "r010-54e9238a-ffdd-4f90-9742-7424eb2b9ff1",
                "name": "ibm-windows-server-2016-full-standard-amd64-3",
                "os": "windows-2016-amd64",
                "status": "available",
                "visibility": "public"
              },
              {
                "architecture": "amd64",
                "checksum": "",
                "crn": "crn:v1:bluemix:public:is:eu-de:::image:r010-5f9568ae-792e-47e1-a710-5538b2bdfca7",
                "encryption": "none",
                "encryption_key": "",
                "id": "r010-5f9568ae-792e-47e1-a710-5538b2bdfca7",
                "name": "ibm-windows-server-2012-full-standard-amd64-3",
                "os": "windows-2012-amd64",
                "status": "available",
                "visibility": "public"
              },
              {
                "architecture": "amd64",
                "checksum": "",
                "crn": "crn:v1:bluemix:public:is:eu-de:::image:r010-8bb3e8aa-b789-4292-8679-3564b3a9366a",
                "encryption": "none",
                "encryption_key": "",
                "id": "r010-8bb3e8aa-b789-4292-8679-3564b3a9366a",
                "name": "ibm-windows-server-2012-r2-full-standard-amd64-3",
                "os": "windows-2012-r2-amd64",
                "status": "available",
                "visibility": "public"
              },
              {
                "architecture": "amd64",
                "checksum": "",
                "crn": "crn:v1:bluemix:public:is:eu-de:::image:r010-253c540d-1b96-4e55-a1c3-7341616c7b19",
                "encryption": "none",
                "encryption_key": "",
                "id": "r010-253c540d-1b96-4e55-a1c3-7341616c7b19",
                "name": "ibm-windows-server-2016-full-standard-amd64-2",
                "os": "windows-2016-amd64",
                "status": "deprecated",
                "visibility": "public"
              },
              {
                "architecture": "amd64",
                "checksum": "",
                "crn": "crn:v1:bluemix:public:is:eu-de:::image:r010-9d8b336f-c203-4860-8234-38fcf8334793",
                "encryption": "none",
                "encryption_key": "",
                "id": "r010-9d8b336f-c203-4860-8234-38fcf8334793",
                "name": "ibm-windows-server-2012-r2-full-standard-amd64-2",
                "os": "windows-2012-r2-amd64",
                "status": "deprecated",
                "visibility": "public"
              },
              {
                "architecture": "amd64",
                "checksum": "",
                "crn": "crn:v1:bluemix:public:is:eu-de:::image:r010-a219157a-9862-4360-be63-b912320a399a",
                "encryption": "none",
                "encryption_key": "",
                "id": "r010-a219157a-9862-4360-be63-b912320a399a",
                "name": "ibm-windows-server-2012-full-standard-amd64-2",
                "os": "windows-2012-amd64",
                "status": "deprecated",
                "visibility": "public"
              },
              {
                "architecture": "amd64",
                "checksum": "",
                "crn": "crn:v1:bluemix:public:is:eu-de:::image:82c23b8c-6039-461e-a2b0-e909ce286f8d",
                "encryption": "none",
                "encryption_key": "",
                "id": "82c23b8c-6039-461e-a2b0-e909ce286f8d",
                "name": "ibm-debian-9-0-64-minimal-amd64-1",
                "os": "debian-9-amd64",
                "status": "deprecated",
                "visibility": "public"
              },
              {
                "architecture": "amd64",
                "checksum": "",
                "crn": "crn:v1:bluemix:public:is:eu-de:::image:r010-d4aec81e-fcc6-11e9-9149-870ebf69fd8d",
                "encryption": "none",
                "encryption_key": "",
                "id": "r010-d4aec81e-fcc6-11e9-9149-870ebf69fd8d",
                "name": "ibm-debian-9-9-minimal-amd64-1",
                "os": "debian-9-amd64",
                "status": "deprecated",
                "visibility": "public"
              },
              {
                "architecture": "amd64",
                "checksum": "",
                "crn": "crn:v1:bluemix:public:is:eu-de:::image:86120242-0148-4c41-8882-c6eb9d0c396e",
                "encryption": "none",
                "encryption_key": "",
                "id": "86120242-0148-4c41-8882-c6eb9d0c396e",
                "name": "ibm-windows-2016-full-std-amd64-2",
                "os": "windows-2016-amd64",
                "status": "deprecated",
                "visibility": "public"
              },
              {
                "architecture": "amd64",
                "checksum": "",
                "crn": "crn:v1:bluemix:public:is:eu-de:::image:r010-6b74bf1e-fccd-11e9-80ba-1b59914ac95b",
                "encryption": "none",
                "encryption_key": "",
                "id": "r010-6b74bf1e-fccd-11e9-80ba-1b59914ac95b",
                "name": "ibm-windows-server-2016-full-standard-amd64-1",
                "os": "windows-2016-amd64",
                "status": "deprecated",
                "visibility": "public"
              },
              {
                "architecture": "amd64",
                "checksum": "",
                "crn": "crn:v1:bluemix:public:is:eu-de:::image:9de244af-e231-4aae-a958-aa60d735c826",
                "encryption": "none",
                "encryption_key": "",
                "id": "9de244af-e231-4aae-a958-aa60d735c826",
                "name": "ibm-windows-2016-full-std-amd64-1",
                "os": "windows-2016-amd64",
                "status": "deprecated",
                "visibility": "public"
              },
              {
                "architecture": "amd64",
                "checksum": "",
                "crn": "crn:v1:bluemix:public:is:eu-de:::image:b3442350-a35d-4b33-b995-05c5f1155668",
                "encryption": "none",
                "encryption_key": "",
                "id": "b3442350-a35d-4b33-b995-05c5f1155668",
                "name": "ibm-windows-2012-r2-full-std-amd64-1",
                "os": "windows-2012-r2-amd64",
                "status": "deprecated",
                "visibility": "public"
              },
              {
                "architecture": "amd64",
                "checksum": "",
                "crn": "crn:v1:bluemix:public:is:eu-de:::image:r010-158e7a2c-fccd-11e9-80fb-4f991aaa30f9",
                "encryption": "none",
                "encryption_key": "",
                "id": "r010-158e7a2c-fccd-11e9-80fb-4f991aaa30f9",
                "name": "ibm-windows-server-2012-r2-full-standard-amd64-1",
                "os": "windows-2012-r2-amd64",
                "status": "deprecated",
                "visibility": "public"
              },
              {
                "architecture": "amd64",
                "checksum": "",
                "crn": "crn:v1:bluemix:public:is:eu-de:::image:7bc64e71-c287-4a2c-85b1-e7822b4bd8f6",
                "encryption": "none",
                "encryption_key": "",
                "id": "7bc64e71-c287-4a2c-85b1-e7822b4bd8f6",
                "name": "ibm-windows-2012-full-std-amd64-1",
                "os": "windows-2012-amd64",
                "status": "deprecated",
                "visibility": "public"
              },
              {
                "architecture": "amd64",
                "checksum": "",
                "crn": "crn:v1:bluemix:public:is:eu-de:::image:r010-eb1c47cc-fcc9-11e9-8de1-33db5afbbd14",
                "encryption": "none",
                "encryption_key": "",
                "id": "r010-eb1c47cc-fcc9-11e9-8de1-33db5afbbd14",
                "name": "ibm-windows-server-2012-full-standard-amd64-1",
                "os": "windows-2012-amd64",
                "status": "deprecated",
                "visibility": "public"
              },
              {
                "architecture": "amd64",
                "checksum": "",
                "crn": "crn:v1:bluemix:public:is:eu-de:::image:f8ae058e-4273-42e9-b549-68d09219e9e5",
                "encryption": "none",
                "encryption_key": "",
                "id": "f8ae058e-4273-42e9-b549-68d09219e9e5",
                "name": "ibm-centos-7-0-minimal-amd64-1",
                "os": "centos-7-amd64",
                "status": "deprecated",
                "visibility": "public"
              },
              {
                "architecture": "amd64",
                "checksum": "",
                "crn": "crn:v1:bluemix:public:is:eu-de:::image:987cb0ec-4f2b-4733-a232-f1a3efc727d8",
                "encryption": "none",
                "encryption_key": "",
                "id": "987cb0ec-4f2b-4733-a232-f1a3efc727d8",
                "name": "ibm-windows-2012-r2-full-std-64",
                "os": "windows-2012-r2-amd64",
                "status": "deprecated",
                "visibility": "public"
              },
              {
                "architecture": "amd64",
                "checksum": "",
                "crn": "crn:v1:bluemix:public:is:eu-de:::image:6e9208e4-b757-4530-a22e-66722464c334",
                "encryption": "none",
                "encryption_key": "",
                "id": "6e9208e4-b757-4530-a22e-66722464c334",
                "name": "ibm-windows-2016-full-std-64",
                "os": "windows-2016-amd64",
                "status": "deprecated",
                "visibility": "public"
              },
              {
                "architecture": "amd64",
                "checksum": "",
                "crn": "crn:v1:bluemix:public:is:eu-de:::image:a63864aa-c766-42d3-8bd0-999fdb87fb42",
                "encryption": "none",
                "encryption_key": "",
                "id": "a63864aa-c766-42d3-8bd0-999fdb87fb42",
                "name": "ibm-windows-2012-full-std-64",
                "os": "windows-2012-amd64",
                "status": "deprecated",
                "visibility": "public"
              },
              {
                "architecture": "amd64",
                "checksum": "",
                "crn": "crn:v1:bluemix:public:is:eu-de:::image:a573bfb9-4e55-481f-9060-31d757155ded",
                "encryption": "none",
                "encryption_key": "",
                "id": "a573bfb9-4e55-481f-9060-31d757155ded",
                "name": "ibm-redhat-7-0-64-minimal-for-vsi",
                "os": "red-7-amd64",
                "status": "deprecated",
                "visibility": "public"
              },
              {
                "architecture": "amd64",
                "checksum": "",
                "crn": "crn:v1:bluemix:public:is:eu-de:::image:r010-931515d2-fcc3-11e9-896d-3baa2797200f",
                "encryption": "none",
                "encryption_key": "",
                "id": "r010-931515d2-fcc3-11e9-896d-3baa2797200f",
                "name": "ibm-redhat-7-6-minimal-amd64-1",
                "os": "red-7-amd64",
                "status": "available",
                "visibility": "public"
              },
              {
                "architecture": "amd64",
                "checksum": "",
                "crn": "crn:v1:bluemix:public:is:eu-de:::image:99edcc54-c513-4d46-9f5b-36243a1e50e2",
                "encryption": "none",
                "encryption_key": "",
                "id": "99edcc54-c513-4d46-9f5b-36243a1e50e2",
                "name": "ibm-centos-7-0-64",
                "os": "centos-7-amd64",
                "status": "deprecated",
                "visibility": "public"
              },
              {
                "architecture": "amd64",
                "checksum": "",
                "crn": "crn:v1:bluemix:public:is:eu-de:::image:r010-e0039ab2-fcc8-11e9-8a36-6ffb6501dd33",
                "encryption": "none",
                "encryption_key": "",
                "id": "r010-e0039ab2-fcc8-11e9-8a36-6ffb6501dd33",
                "name": "ibm-centos-7-6-minimal-amd64-1",
                "os": "centos-7-amd64",
                "status": "deprecated",
                "visibility": "public"
              },
              {
                "architecture": "amd64",
                "checksum": "",
                "crn": "crn:v1:bluemix:public:is:eu-de:::image:04f4c424-a90d-4c2b-a77f-db67ff9b1629",
                "encryption": "none",
                "encryption_key": "",
                "id": "04f4c424-a90d-4c2b-a77f-db67ff9b1629",
                "name": "ibm-ubuntu-16-04-05-64-minimal-for-vsi",
                "os": "ubuntu-16-04-amd64",
                "status": "deprecated",
                "visibility": "public"
              },
              {
                "architecture": "amd64",
                "checksum": "",
                "crn": "crn:v1:bluemix:public:is:eu-de:::image:r010-34ceeafe-fcc6-11e9-893a-57dde2f48a21",
                "encryption": "none",
                "encryption_key": "",
                "id": "r010-34ceeafe-fcc6-11e9-893a-57dde2f48a21",
                "name": "ibm-ubuntu-16-04-5-minimal-amd64-1",
                "os": "ubuntu-16-04-amd64",
                "status": "available",
                "visibility": "public"
              },
              {
                "architecture": "amd64",
                "checksum": "",
                "crn": "crn:v1:bluemix:public:is:eu-de:::image:3f323501-667e-4583-b081-19cca9ac55fd",
                "encryption": "none",
                "encryption_key": "",
                "id": "3f323501-667e-4583-b081-19cca9ac55fd",
                "name": "ibm-debian-9-0-64-minimal-for-vsi",
                "os": "debian-9-amd64",
                "status": "deprecated",
                "visibility": "public"
              },
              {
                "architecture": "amd64",
                "checksum": "",
                "crn": "crn:v1:bluemix:public:is:eu-de:::image:bf962ae4-4140-462b-8fa3-56fa1b49b06a",
                "encryption": "none",
                "encryption_key": "",
                "id": "bf962ae4-4140-462b-8fa3-56fa1b49b06a",
                "name": "ibm-ubuntu-18-04-64",
                "os": "ubuntu-18-04-amd64",
                "status": "deprecated",
                "visibility": "public"
              },
              {
                "architecture": "amd64",
                "checksum": "",
                "crn": "crn:v1:bluemix:public:is:eu-de:::image:r010-14140f94-fcc4-11e9-96e7-a72723715315",
                "encryption": "none",
                "encryption_key": "",
                "id": "r010-14140f94-fcc4-11e9-96e7-a72723715315",
                "name": "ibm-ubuntu-18-04-1-minimal-amd64-1",
                "os": "ubuntu-18-04-amd64",
                "status": "deprecated",
                "visibility": "public"
              }
            ]
          },
          "sensitive_attributes": []
        }
      ]
    },
    {
      "mode": "managed",
      "type": "ibm_is_vpc",
      "name": "vpc",
      "provider": "provider[\"registry.terraform.io/ibm-cloud/ibm\"]",
      "instances": [
        {
          "schema_version": 0,
          "attributes": {
            "address_prefix_management": "auto",
            "classic_access": false,
            "crn": "crn:v1:bluemix:public:is:eu-de:a/c828fd5b0ac169054274cc28669467bf::vpc:r010-2a6f1733-5315-4e0a-8a2d-cce8178bdf71",
            "cse_source_addresses": [
              {
                "address": "10.223.27.250",
                "zone_name": "eu-de-1"
              },
              {
                "address": "10.223.39.96",
                "zone_name": "eu-de-2"
              },
              {
                "address": "10.223.51.83",
                "zone_name": "eu-de-3"
              }
            ],
            "default_network_acl": "r010-8d72eae0-2a84-4c24-bcc9-8bbcc7a085aa",
            "default_network_acl_name": "distincted-pardoned-unthread-skedaddle",
            "default_routing_table": "r010-33c72437-8554-4ece-b63c-2d885254c196",
            "default_routing_table_name": "postage-fernlike-tighten-resisting",
            "default_security_group": "r010-03312590-fdf0-4f10-99a1-8e62df965799",
            "default_security_group_name": "overbook-stopped-rebound-undermost",
            "id": "r010-2a6f1733-5315-4e0a-8a2d-cce8178bdf71",
            "name": "sat-vpc",
            "resource_controller_url": "https://cloud.ibm.com/vpc-ext/network/vpcs",
            "resource_crn": "crn:v1:bluemix:public:is:eu-de:a/c828fd5b0ac169054274cc28669467bf::vpc:r010-2a6f1733-5315-4e0a-8a2d-cce8178bdf71",
            "resource_group": "ce803c3bec32485ca1a6103123acb5cb",
            "resource_group_name": "sat-group",
            "resource_name": "sat-vpc",
            "resource_status": "available",
            "security_group": [
              {
                "group_id": "r010-03312590-fdf0-4f10-99a1-8e62df965799",
                "group_name": "overbook-stopped-rebound-undermost",
                "rules": [
                  {
                    "code": 0,
                    "direction": "outbound",
                    "ip_version": "ipv4",
                    "port_max": 0,
                    "port_min": 0,
                    "protocol": "all",
                    "remote": "0.0.0.0/0",
                    "rule_id": "r010-c90c1e49-e81e-4ff4-8a58-5793f8a447c8",
                    "type": 0
                  },
                  {
                    "code": 0,
                    "direction": "inbound",
                    "ip_version": "ipv4",
                    "port_max": 0,
                    "port_min": 0,
                    "protocol": "all",
                    "remote": "r010-03312590-fdf0-4f10-99a1-8e62df965799",
                    "rule_id": "r010-6592a93e-17b7-493d-bc1e-c2d0d872d247",
                    "type": 0
                  }
                ]
              }
            ],
            "status": "available",
            "subnets": [],
            "tags": [],
            "timeouts": null
          },
          "sensitive_attributes": [],
          "private": "eyJlMmJmYjczMC1lY2FhLTExZTYtOGY4OC0zNDM2M2JjN2M0YzAiOnsiY3JlYXRlIjo2MDAwMDAwMDAwMDAsImRlbGV0ZSI6NjAwMDAwMDAwMDAwfX0=",
          "dependencies": [
            "ibm_resource_group.group"
          ]
        }
      ]
    },
    {
      "mode": "managed",
      "type": "ibm_resource_group",
      "name": "group",
      "provider": "provider[\"registry.terraform.io/ibm-cloud/ibm\"]",
      "instances": [
        {
          "schema_version": 0,
          "attributes": {
            "created_at": "2021-04-12T21:20:30.121Z",
            "crn": "crn:v1:bluemix:public:resource-controller::a/c828fd5b0ac169054274cc28669467bf::resource-group:ce803c3bec32485ca1a6103123acb5cb",
            "default": false,
            "id": "ce803c3bec32485ca1a6103123acb5cb",
            "name": "sat-group",
            "payment_methods_url": "/v2/resource_groups/ce803c3bec32485ca1a6103123acb5cb/payment_methods",
            "quota_id": "a3d7b8d01e261c24677937c29ab33f3c",
            "quota_url": "/v2/quota_definitions/a3d7b8d01e261c24677937c29ab33f3c",
            "resource_linkages": [],
            "state": "ACTIVE",
            "tags": null,
            "teams_url": "/v2/resource_groups/ce803c3bec32485ca1a6103123acb5cb/teams",
            "updated_at": "2021-04-12T21:20:30.121Z"
          },
          "sensitive_attributes": [],
          "private": "bnVsbA=="
        }
      ]
    }
  ]
}
