{
  "version": 4,
  "terraform_version": "1.0.1",
  "serial": 21,
  "lineage": "f1234c64-0a3b-0748-7b12-30860f01dc97",
  "outputs": {},
  "resources": [
    {
      "mode": "managed",
      "type": "ibm_is_vpc",
      "name": "vpc1",
      "provider": "provider[\"registry.terraform.io/ibm-cloud/ibm\"]",
      "instances": [
        {
          "schema_version": 0,
          "attributes": {
            "address_prefix_management": "auto",
            "classic_access": false,
            "crn": "crn:v1:bluemix:public:is:eu-de:a/c828fd5b0ac169054274cc28669467bf::vpc:r010-bd494177-ce8d-4640-a975-336785b41901",
            "cse_source_addresses": [
              {
                "address": "10.223.27.110",
                "zone_name": "eu-de-1"
              },
              {
                "address": "10.16.213.66",
                "zone_name": "eu-de-2"
              },
              {
                "address": "10.16.223.37",
                "zone_name": "eu-de-3"
              }
            ],
            "default_network_acl": "r010-8276de05-8c3e-4fed-bcca-70c0444c60b9",
            "default_security_group": "r010-412f0259-06ce-4dda-9f48-f5ae0797ae10",
            "id": "r010-bd494177-ce8d-4640-a975-336785b41901",
            "is_default": null,
            "name": "vpcroks",
            "resource_controller_url": "https://cloud.ibm.com/vpc-ext/network/vpcs",
            "resource_crn": "crn:v1:bluemix:public:is:eu-de:a/c828fd5b0ac169054274cc28669467bf::vpc:r010-bd494177-ce8d-4640-a975-336785b41901",
            "resource_group": "3a510e6a35804fbabeea252ea1af5843",
            "resource_group_name": "default",
            "resource_name": "vpcroks",
            "resource_status": "available",
            "security_group": [
              {
                "group_id": "r010-68aa8dfb-8a94-4d52-b6ac-97a7129007df",
                "group_name": "kube-r010-bd494177-ce8d-4640-a975-336785b41901",
                "rules": [
                  {
                    "code": 0,
                    "direction": "outbound",
                    "ip_version": "ipv4",
                    "port_max": 32767,
                    "port_min": 30000,
                    "protocol": "tcp",
                    "remote": "0.0.0.0/0",
                    "rule_id": "r010-451d57e8-0583-4ddc-abe2-e3a6fb47842e",
                    "type": 0
                  },
                  {
                    "code": 0,
                    "direction": "outbound",
                    "ip_version": "ipv4",
                    "port_max": 32767,
                    "port_min": 30000,
                    "protocol": "udp",
                    "remote": "0.0.0.0/0",
                    "rule_id": "r010-c084b33d-ebcd-4d21-9316-ceffe4383da5",
                    "type": 0
                  },
                  {
                    "code": 0,
                    "direction": "inbound",
                    "ip_version": "ipv4",
                    "port_max": 65535,
                    "port_min": 1,
                    "protocol": "tcp",
                    "remote": "0.0.0.0/0",
                    "rule_id": "r010-6ad8cb64-638a-4eea-8db8-9a713cbc5379",
                    "type": 0
                  },
                  {
                    "code": 0,
                    "direction": "inbound",
                    "ip_version": "ipv4",
                    "port_max": 65535,
                    "port_min": 1,
                    "protocol": "udp",
                    "remote": "0.0.0.0/0",
                    "rule_id": "r010-8b18c2e5-5238-4caa-b6ce-9d4c1149abd2",
                    "type": 0
                  }
                ]
              },
              {
                "group_id": "r010-d1f72e32-7d40-4191-affb-48496b198372",
                "group_name": "kube-caacbjcf0c241ftkiq50",
                "rules": [
                  {
                    "code": 0,
                    "direction": "inbound",
                    "ip_version": "ipv4",
                    "port_max": 0,
                    "port_min": 0,
                    "protocol": "all",
                    "remote": "172.17.0.0/18",
                    "rule_id": "r010-b5da83f4-c973-4a3e-bb5c-357a7bd0fa5d",
                    "type": 0
                  },
                  {
                    "code": 0,
                    "direction": "inbound",
                    "ip_version": "ipv4",
                    "port_max": 32767,
                    "port_min": 30000,
                    "protocol": "tcp",
                    "remote": "0.0.0.0/0",
                    "rule_id": "r010-e0c9bdd7-16a6-4edf-b01f-33340c73cc18",
                    "type": 0
                  },
                  {
                    "code": 0,
                    "direction": "inbound",
                    "ip_version": "ipv4",
                    "port_max": 32767,
                    "port_min": 30000,
                    "protocol": "udp",
                    "remote": "0.0.0.0/0",
                    "rule_id": "r010-7edce904-bbd5-46b2-ae87-14cc2a76ab03",
                    "type": 0
                  },
                  {
                    "code": 0,
                    "direction": "outbound",
                    "ip_version": "ipv4",
                    "port_max": 0,
                    "port_min": 0,
                    "protocol": "all",
                    "remote": "172.17.0.0/18",
                    "rule_id": "r010-9fd0537f-b510-42ac-b746-8dcdc05ab01f",
                    "type": 0
                  }
                ]
              },
              {
                "group_id": "r010-412f0259-06ce-4dda-9f48-f5ae0797ae10",
                "group_name": "stapling-duplex-cement-mashed",
                "rules": [
                  {
                    "code": 0,
                    "direction": "outbound",
                    "ip_version": "ipv4",
                    "port_max": 0,
                    "port_min": 0,
                    "protocol": "all",
                    "remote": "0.0.0.0/0",
                    "rule_id": "r010-130522ff-fc98-4e29-8ac0-ed3d7a76befe",
                    "type": 0
                  },
                  {
                    "code": 0,
                    "direction": "inbound",
                    "ip_version": "ipv4",
                    "port_max": 0,
                    "port_min": 0,
                    "protocol": "all",
                    "remote": "r010-412f0259-06ce-4dda-9f48-f5ae0797ae10",
                    "rule_id": "r010-0c82b4c1-937e-41e6-8459-826dd84dc7d4",
                    "type": 0
                  }
                ]
              }
            ],
            "status": "available",
            "subnets": [
              {
                "available_ipv4_address_count": 251,
                "id": "02b7-7c39eeee-a0b1-47c9-b991-f1fba0473984",
                "name": "mysubnet1",
                "status": "available",
                "total_ipv4_address_count": 256,
                "zone": "eu-de-1"
              },
              {
                "available_ipv4_address_count": 251,
                "id": "02c7-8daa451a-e960-4560-8b38-69874b454236",
                "name": "mysubnet2",
                "status": "available",
                "total_ipv4_address_count": 256,
                "zone": "eu-de-2"
              },
              {
                "available_ipv4_address_count": 245,
                "id": "02d7-22fef23b-6f84-4a7c-bb44-fbd53f6be37e",
                "name": "mysubnet3",
                "status": "available",
                "total_ipv4_address_count": 256,
                "zone": "eu-de-3"
              }
            ],
            "tags": [],
            "timeouts": null
          },
          "sensitive_attributes": [],
          "private": "eyJlMmJmYjczMC1lY2FhLTExZTYtOGY4OC0zNDM2M2JjN2M0YzAiOnsiY3JlYXRlIjo2MDAwMDAwMDAwMDAsImRlbGV0ZSI6NjAwMDAwMDAwMDAwfX0="
        }
      ]
    }
  ]
}
