{
  "version": 4,
  "terraform_version": "1.0.1",
  "serial": 72,
  "lineage": "f1234c64-0a3b-0748-7b12-30860f01dc97",
  "outputs": {},
  "resources": [
    {
      "mode": "data",
      "type": "ibm_is_ssh_key",
      "name": "ssh_key",
      "provider": "provider[\"registry.terraform.io/ibm-cloud/ibm\"]",
      "instances": [
        {
          "schema_version": 0,
          "attributes": {
            "fingerprint": "SHA256:WEjRXSMgcAp4epwncsgb0olgligU8bnaQ88zt9bCZdE",
            "id": "r010-0baa862a-a7ba-48b4-9e7b-80d5dbaca70a",
            "length": 2048,
            "name": "vann-fra-key",
            "resource_controller_url": "https://cloud.ibm.com/vpc/compute/sshKeys",
            "resource_crn": "crn:v1:bluemix:public:is:eu-de:a/c828fd5b0ac169054274cc28669467bf::key:r010-0baa862a-a7ba-48b4-9e7b-80d5dbaca70a",
            "resource_group_name": "3a510e6a35804fbabeea252ea1af5843",
            "resource_name": "vann-fra-key",
            "type": "rsa"
          },
          "sensitive_attributes": []
        }
      ]
    },
    {
      "mode": "data",
      "type": "ibm_is_zones",
      "name": "reg",
      "provider": "provider[\"registry.terraform.io/ibm-cloud/ibm\"]",
      "instances": [
        {
          "schema_version": 0,
          "attributes": {
            "id": "2022-05-31 09:40:32.090647 +0000 UTC",
            "region": "us-south",
            "status": null,
            "zones": [
              "us-south-1",
              "us-south-2",
              "us-south-3"
            ]
          },
          "sensitive_attributes": []
        }
      ]
    },
    {
      "mode": "data",
      "type": "ibm_resource_group",
      "name": "resource_group",
      "provider": "provider[\"registry.terraform.io/ibm-cloud/ibm\"]",
      "instances": [
        {
          "schema_version": 0,
          "attributes": {
            "id": "3a510e6a35804fbabeea252ea1af5843",
            "is_default": null,
            "name": "default"
          },
          "sensitive_attributes": []
        }
      ]
    },
    {
      "mode": "data",
      "type": "ibm_resource_instance",
      "name": "cos_instance",
      "provider": "provider[\"registry.terraform.io/ibm-cloud/ibm\"]",
      "instances": [
        {
          "schema_version": 0,
          "attributes": {
            "crn": "crn:v1:bluemix:public:cloud-object-storage:global:a/c828fd5b0ac169054274cc28669467bf:6df60af8-0418-495b-ae20-aa3bc1eee0dd::",
            "extensions": {},
            "guid": "6df60af8-0418-495b-ae20-aa3bc1eee0dd",
            "id": "crn:v1:bluemix:public:cloud-object-storage:global:a/c828fd5b0ac169054274cc28669467bf:6df60af8-0418-495b-ae20-aa3bc1eee0dd::",
            "location": "global",
            "name": "COS",
            "plan": "standard",
            "resource_controller_url": "https://cloud.ibm.com/services/",
            "resource_crn": "crn:v1:bluemix:public:cloud-object-storage:global:a/c828fd5b0ac169054274cc28669467bf:6df60af8-0418-495b-ae20-aa3bc1eee0dd::",
            "resource_group_id": "3a510e6a35804fbabeea252ea1af5843",
            "resource_group_name": "",
            "resource_name": "COS",
            "resource_status": "active",
            "service": "cloud-object-storage",
            "status": null
          },
          "sensitive_attributes": []
        }
      ]
    },
    {
      "mode": "managed",
      "type": "ibm_container_vpc_cluster",
      "name": "cluster",
      "provider": "provider[\"registry.terraform.io/ibm-cloud/ibm\"]",
      "instances": []
    },
    {
      "mode": "managed",
      "type": "ibm_is_subnet",
      "name": "subnet1",
      "provider": "provider[\"registry.terraform.io/ibm-cloud/ibm\"]",
      "instances": []
    },
    {
      "mode": "managed",
      "type": "ibm_is_subnet",
      "name": "subnet2",
      "provider": "provider[\"registry.terraform.io/ibm-cloud/ibm\"]",
      "instances": []
    },
    {
      "mode": "managed",
      "type": "ibm_is_subnet",
      "name": "subnet3",
      "provider": "provider[\"registry.terraform.io/ibm-cloud/ibm\"]",
      "instances": []
    },
    {
      "mode": "managed",
      "type": "ibm_is_vpc",
      "name": "vpc1",
      "provider": "provider[\"registry.terraform.io/ibm-cloud/ibm\"]",
      "instances": [
        {
          "schema_version": 0,
          "attributes": {
            "address_prefix_management": "auto",
            "classic_access": false,
            "crn": "crn:v1:bluemix:public:is:eu-de:a/c828fd5b0ac169054274cc28669467bf::vpc:r010-cdbdbc0c-de76-47fc-8ff1-70b60295e070",
            "cse_source_addresses": [
              {
                "address": "10.16.206.148",
                "zone_name": "eu-de-1"
              },
              {
                "address": "10.223.37.221",
                "zone_name": "eu-de-2"
              },
              {
                "address": "10.16.219.79",
                "zone_name": "eu-de-3"
              }
            ],
            "default_network_acl": "r010-3e20310f-bc83-44b9-a6e2-3c81ccccf734",
            "default_security_group": "r010-96e73579-4e8f-47be-99fb-5994a13b8acc",
            "id": "r010-cdbdbc0c-de76-47fc-8ff1-70b60295e070",
            "is_default": null,
            "name": "myvpctest",
            "resource_controller_url": "https://cloud.ibm.com/vpc-ext/network/vpcs",
            "resource_crn": "crn:v1:bluemix:public:is:eu-de:a/c828fd5b0ac169054274cc28669467bf::vpc:r010-cdbdbc0c-de76-47fc-8ff1-70b60295e070",
            "resource_group": "3a510e6a35804fbabeea252ea1af5843",
            "resource_group_name": "default",
            "resource_name": "myvpctest",
            "resource_status": "available",
            "security_group": [
              {
                "group_id": "r010-96e73579-4e8f-47be-99fb-5994a13b8acc",
                "group_name": "jumbo-scorer-raking-sulfite",
                "rules": [
                  {
                    "code": 0,
                    "direction": "outbound",
                    "ip_version": "ipv4",
                    "port_max": 0,
                    "port_min": 0,
                    "protocol": "all",
                    "remote": "0.0.0.0/0",
                    "rule_id": "r010-b07b86e6-1888-447d-b8bd-7a1e31853529",
                    "type": 0
                  },
                  {
                    "code": 0,
                    "direction": "inbound",
                    "ip_version": "ipv4",
                    "port_max": 0,
                    "port_min": 0,
                    "protocol": "all",
                    "remote": "r010-96e73579-4e8f-47be-99fb-5994a13b8acc",
                    "rule_id": "r010-7f73c548-c0ed-48b9-9db5-5e43c98b8cce",
                    "type": 0
                  }
                ]
              }
            ],
            "status": "available",
            "subnets": [],
            "tags": [],
            "timeouts": null
          },
          "sensitive_attributes": [],
          "private": "eyJlMmJmYjczMC1lY2FhLTExZTYtOGY4OC0zNDM2M2JjN2M0YzAiOnsiY3JlYXRlIjo2MDAwMDAwMDAwMDAsImRlbGV0ZSI6NjAwMDAwMDAwMDAwfX0="
        }
      ]
    }
  ]
}
