{
  "version": 4,
  "terraform_version": "1.8.2",
  "serial": 4,
  "lineage": "a4554ed7-90d5-d22f-6d36-31ce1429231a",
  "outputs": {},
  "resources": [
    {
      "mode": "data",
      "type": "ibm_is_ssh_key",
      "name": "ssh_key",
      "provider": "provider[\"registry.terraform.io/ibm-cloud/ibm\"]",
      "instances": [
        {
          "schema_version": 0,
          "attributes": {
            "access_tags": [],
            "crn": "crn:v1:bluemix:public:is:eu-de:a/76445171de0246759484e1174bf8f1f0::key:r010-02bfb134-b362-4277-b569-c4729be02aaa",
            "fingerprint": "SHA256:hrOjJ1h8GyYQlaYuhWT4nXVGwCT1pBhXiGm/0mGQ9n4",
            "id": "r010-02bfb134-b362-4277-b569-c4729be02aaa",
            "length": 4096,
            "name": "vann-key",
            "public_key": "ssh-rsa AAAAB3NzaC1yc2EAAAADAQABAAABgQCjNC68Ub2P3BdyPFMFYxJ3U549W+Gad1ZUZ6xb55I7IAjubOVqYbYivnZmyuhPVBbhZ6Fn9j2YMtFUrXKCPHBTr1EnvfSm+/XcGSx9VF9QK82OhdcwBjtP7lv8Aop2gKkkzvCHPNT3hfK+cOi9O67/wdMQ+cjewxc49XRO3Jj+NrVciYwv6X7toPUYna4suo5jHTpomMR5ttz0rJmmAHIwbK/iTS7qzsqOtdoiANoEUtXkCchXXz0t/ba4+HmTtUg/InetjT/uVXgwEgRVXGErIL+mQPjuNozeBZCnZrp7+D8j/TUkX5UTO8xIsISxxk2qHDsgye+a2ASHgcHLtJIV5Y6eQMngWZV+97QCfWLU5ozAItcbN588cnUuPWtKSSmQRXVvKKUQrRXxkv9YDGD/Hd6SC/+4bI+hJJqYoeg6b7hBps5MrIbjrjMeDTO9TNpC/uI3BObxpi5Ik7S8lpDtX2bTTJL3iyF2t66BD9UcoNFe5JT0iHBiMMvHOlqJFws=",
            "resource_controller_url": "https://cloud.ibm.com/vpc/compute/sshKeys",
            "resource_crn": "crn:v1:bluemix:public:is:eu-de:a/76445171de0246759484e1174bf8f1f0::key:r010-02bfb134-b362-4277-b569-c4729be02aaa",
            "resource_group": null,
            "resource_group_name": "a2c3827b59314d98adc80c5a9de5a28c",
            "resource_name": "vann-key",
            "tags": [],
            "type": "rsa"
          },
          "sensitive_attributes": []
        }
      ]
    },
    {
      "mode": "managed",
      "type": "ibm_is_vpc",
      "name": "testacc_vpc",
      "provider": "provider[\"registry.terraform.io/ibm-cloud/ibm\"]",
      "instances": [
        {
          "schema_version": 0,
          "attributes": {
            "access_tags": [],
            "address_prefix_management": "auto",
            "classic_access": false,
            "crn": "crn:v1:bluemix:public:is:eu-de:a/76445171de0246759484e1174bf8f1f0::vpc:r010-9246d1b3-750b-47b5-8430-3faf15da2636",
            "cse_source_addresses": [
              {
                "address": "10.16.204.242",
                "zone_name": "eu-de-1"
              },
              {
                "address": "10.22.115.205",
                "zone_name": "eu-de-2"
              },
              {
                "address": "10.223.57.114",
                "zone_name": "eu-de-3"
              }
            ],
            "default_network_acl": "r010-0dd1c9b8-5a87-4676-9ad5-ae86d12022fc",
            "default_network_acl_crn": "crn:v1:bluemix:public:is:eu-de:a/76445171de0246759484e1174bf8f1f0::network-acl:r010-0dd1c9b8-5a87-4676-9ad5-ae86d12022fc",
            "default_network_acl_name": "squid-letter-hencoops-uncorrupt",
            "default_routing_table": "r010-598fed73-1422-4871-941c-7820f8598459",
            "default_routing_table_name": "poise-cost-viewer-figure",
            "default_security_group": "r010-bacf19cd-5de8-4995-9911-4e0576f1fede",
            "default_security_group_crn": "crn:v1:bluemix:public:is:eu-de:a/76445171de0246759484e1174bf8f1f0::security-group:r010-bacf19cd-5de8-4995-9911-4e0576f1fede",
            "default_security_group_name": "deepness-clause-sandbag-bowl",
            "dns": [
              {
                "enable_hub": false,
                "resolution_binding_count": 0,
                "resolver": [
                  {
                    "configuration": "default",
                    "dns_binding_id": "",
                    "dns_binding_name": "",
                    "manual_servers": [],
                    "servers": [
                      {
                        "address": "161.26.0.10",
                        "zone_affinity": ""
                      },
                      {
                        "address": "161.26.0.11",
                        "zone_affinity": ""
                      }
                    ],
                    "type": "system",
                    "vpc_crn": "",
                    "vpc_id": "",
                    "vpc_name": "",
                    "vpc_remote_account_id": "",
                    "vpc_remote_region": ""
                  }
                ]
              }
            ],
            "health_reasons": [],
            "health_state": "ok",
            "id": "r010-9246d1b3-750b-47b5-8430-3faf15da2636",
            "name": "terra-test",
            "no_sg_acl_rules": false,
            "resource_controller_url": "https://cloud.ibm.com/vpc-ext/network/vpcs",
            "resource_crn": "crn:v1:bluemix:public:is:eu-de:a/76445171de0246759484e1174bf8f1f0::vpc:r010-9246d1b3-750b-47b5-8430-3faf15da2636",
            "resource_group": "7144fcea7f8a440f95b432ac47a76ba7",
            "resource_group_name": "Default",
            "resource_name": "terra-test",
            "resource_status": "available",
            "security_group": [
              {
                "group_id": "r010-bacf19cd-5de8-4995-9911-4e0576f1fede",
                "group_name": "deepness-clause-sandbag-bowl",
                "rules": [
                  {
                    "code": 0,
                    "direction": "outbound",
                    "ip_version": "ipv4",
                    "port_max": 0,
                    "port_min": 0,
                    "protocol": "all",
                    "remote": "0.0.0.0/0",
                    "rule_id": "r010-0ff8f5b8-30cc-4ade-8c8c-2d9180977ffd",
                    "type": 0
                  },
                  {
                    "code": 0,
                    "direction": "inbound",
                    "ip_version": "ipv4",
                    "port_max": 0,
                    "port_min": 0,
                    "protocol": "all",
                    "remote": "r010-bacf19cd-5de8-4995-9911-4e0576f1fede",
                    "rule_id": "r010-153edd70-7c8a-4192-b6fc-b0bc116778b7",
                    "type": 0
                  }
                ]
              }
            ],
            "status": "available",
            "subnets": [],
            "tags": [],
            "timeouts": null
          },
          "sensitive_attributes": [],
          "private": "eyJlMmJmYjczMC1lY2FhLTExZTYtOGY4OC0zNDM2M2JjN2M0YzAiOnsiY3JlYXRlIjo2MDAwMDAwMDAwMDAsImRlbGV0ZSI6NjAwMDAwMDAwMDAwfX0="
        }
      ]
    },
    {
      "mode": "managed",
      "type": "ibm_is_vpc_address_prefix",
      "name": "testacc_vpc_address_prefix",
      "provider": "provider[\"registry.terraform.io/ibm-cloud/ibm\"]",
      "instances": [
        {
          "schema_version": 0,
          "attributes": {
            "address_prefix": "r010-6e40c1d0-3881-4c8b-8ded-b9538e3cc3b4",
            "cidr": "10.240.0.0/22",
            "has_subnets": false,
            "id": "r010-9246d1b3-750b-47b5-8430-3faf15da2636/r010-6e40c1d0-3881-4c8b-8ded-b9538e3cc3b4",
            "is_default": false,
            "name": "prefix-z3",
            "related_crn": "crn:v1:bluemix:public:is:eu-de:a/76445171de0246759484e1174bf8f1f0::vpc:r010-9246d1b3-750b-47b5-8430-3faf15da2636",
            "vpc": "r010-9246d1b3-750b-47b5-8430-3faf15da2636",
            "zone": "eu-de-3"
          },
          "sensitive_attributes": [],
          "private": "bnVsbA==",
          "dependencies": [
            "ibm_is_vpc.testacc_vpc"
          ]
        }
      ]
    }
  ],
  "check_results": null
}
